<?xml version="1.0" encoding="utf-8"?>
<Project ToolsVersion="4.0" xmlns="http://schemas.microsoft.com/developer/msbuild/2003">
  <ItemGroup>
    <Filter Include="Source Files">
      <UniqueIdentifier>{4FC737F1-C7A5-4376-A066-2A32D752A2FF}</UniqueIdentifier>
      <Extensions>cpp;c;cc;cxx;c++;cppm;ixx;def;odl;idl;hpj;bat;asm;asmx</Extensions>
    </Filter>
    <Filter Include="Header Files">
      <UniqueIdentifier>{93995380-89BD-4b04-88EB-625FBE52EBFB}</UniqueIdentifier>
      <Extensions>h;hh;hpp;hxx;h++;hm;inl;inc;ipp;xsd</Extensions>
    </Filter>
    <Filter Include="Resource Files">
      <UniqueIdentifier>{67DA6AB6-F800-4c08-8B7A-83BB121AAD01}</UniqueIdentifier>
      <Extensions>rc;ico;cur;bmp;dlg;rc2;rct;bin;rgs;gif;jpg;jpeg;jpe;resx;tiff;tif;png;wav;mfcribbon-ms</Extensions>
    </Filter>
  </ItemGroup>
  <ItemGroup>
    <ClCompile Include="mCil.cpp">
      <Filter>Source Files</Filter>
    </ClCompile>
    <ClCompile Include="Lexing\Lexer.cpp">
      <Filter>Source Files</Filter>
    </ClCompile>
    <ClCompile Include="Lexing\Token.cpp">
      <Filter>Source Files</Filter>
    </ClCompile>
    <ClCompile Include="Diagnostics\Diagnostics.cpp">
      <Filter>Source Files</Filter>
    </ClCompile>
    <ClCompile Include="Diagnostics\SourceFileManager.cpp">
      <Filter>Source Files</Filter>
    </ClCompile>
    <ClCompile Include="Parsing\Expression.cpp">
      <Filter>Source Files</Filter>
    </ClCompile>
    <ClCompile Include="Parsing\Parser.cpp">
      <Filter>Source Files</Filter>
    </ClCompile>
    <ClCompile Include="Tools\ASTDebugPrinter.cpp">
      <Filter>Source Files</Filter>
    </ClCompile>
    <ClCompile Include="Diagnostics\TokenPrinter.cpp">
      <Filter>Source Files</Filter>
    </ClCompile>
    <ClCompile Include="Interpreting\Interpreter.cpp">
      <Filter>Source Files</Filter>
    </ClCompile>
    <ClCompile Include="REPL\REPL.cpp">
      <Filter>Source Files</Filter>
    </ClCompile>
    <ClCompile Include="REPL\REPLFileManager.cpp">
      <Filter>Source Files</Filter>
    </ClCompile>
    <ClCompile Include="Parsing\Statement.cpp">
      <Filter>Source Files</Filter>
    </ClCompile>
    <ClCompile Include="Interpreting\Environment.cpp">
      <Filter>Source Files</Filter>
    </ClCompile>
    <ClCompile Include="Diagnostics\Position.cpp">
      <Filter>Source Files</Filter>
    </ClCompile>
    <ClCompile Include="Diagnostics\CILError.cpp">
      <Filter>Source Files</Filter>
    </ClCompile>
    <ClCompile Include="Types\cil-types.cpp">
      <Filter>Source Files</Filter>
    </ClCompile>
    <ClCompile Include="Types\Number.cpp">
      <Filter>Source Files</Filter>
    </ClCompile>
    <ClCompile Include="Types\Bool.cpp">
      <Filter>Source Files</Filter>
    </ClCompile>
    <ClCompile Include="Types\Value.cpp">
      <Filter>Source Files</Filter>
    </ClCompile>
    <ClCompile Include="Types\String.cpp">
      <Filter>Source Files</Filter>
    </ClCompile>
    <ClCompile Include="Types\ErrorValue.cpp">
      <Filter>Source Files</Filter>
    </ClCompile>
    <ClCompile Include="Types\Object.cpp">
      <Filter>Source Files</Filter>
    </ClCompile>
    <ClCompile Include="Types\None.cpp">
      <Filter>Source Files</Filter>
    </ClCompile>
  </ItemGroup>
  <ItemGroup>
    <ClInclude Include="Lexing\Lexer.h">
      <Filter>Header Files</Filter>
    </ClInclude>
    <ClInclude Include="Lexing\Token.h">
      <Filter>Header Files</Filter>
    </ClInclude>
    <ClInclude Include="Diagnostics\Position.h">
      <Filter>Header Files</Filter>
    </ClInclude>
    <ClInclude Include="Diagnostics\Diagnostics.h">
      <Filter>Header Files</Filter>
    </ClInclude>
    <ClInclude Include="cil-system.h">
      <Filter>Header Files</Filter>
    </ClInclude>
    <ClInclude Include="Diagnostics\SourceManager.h">
      <Filter>Header Files</Filter>
    </ClInclude>
    <ClInclude Include="Diagnostics\SourceFileManager.h">
      <Filter>Header Files</Filter>
    </ClInclude>
    <ClInclude Include="Parsing\Expression.h">
      <Filter>Header Files</Filter>
    </ClInclude>
    <ClInclude Include="Parsing\Parser.h">
      <Filter>Header Files</Filter>
    </ClInclude>
    <ClInclude Include="Tools\ASTDebugPrinter.h">
      <Filter>Header Files</Filter>
    </ClInclude>
    <ClInclude Include="Diagnostics\TokenPrinter.h">
      <Filter>Header Files</Filter>
    </ClInclude>
    <ClInclude Include="Interpreting\Interpreter.h">
      <Filter>Header Files</Filter>
    </ClInclude>
    <ClInclude Include="REPL\REPL.h">
      <Filter>Header Files</Filter>
    </ClInclude>
    <ClInclude Include="REPL\REPLFileManager.h">
      <Filter>Header Files</Filter>
    </ClInclude>
    <ClInclude Include="Parsing\Statement.h">
      <Filter>Header Files</Filter>
    </ClInclude>
    <ClInclude Include="Interpreting\Environment.h">
      <Filter>Header Files</Filter>
    </ClInclude>
    <ClInclude Include="Diagnostics\CILError.h">
      <Filter>Header Files</Filter>
    </ClInclude>
    <ClInclude Include="Types\cil-types.h">
      <Filter>Header Files</Filter>
    </ClInclude>
    <ClInclude Include="Types\RuntimeObjects.h">
      <Filter>Header Files</Filter>
    </ClInclude>
    <ClInclude Include="Types\Value.h">
      <Filter>Header Files</Filter>
    </ClInclude>
    <ClInclude Include="Types\Number.h">
      <Filter>Header Files</Filter>
    </ClInclude>
    <ClInclude Include="Types\Bool.h">
      <Filter>Header Files</Filter>
    </ClInclude>
    <ClInclude Include="Types\String.h">
      <Filter>Header Files</Filter>
    </ClInclude>
    <ClInclude Include="Types\ErrorValue.h">
      <Filter>Header Files</Filter>
    </ClInclude>
    <ClInclude Include="Types\BuiltinTypes.h">
      <Filter>Header Files</Filter>
    </ClInclude>
    <ClInclude Include="Types\Object.h">
      <Filter>Header Files</Filter>
    </ClInclude>
    <ClInclude Include="Types\None.h">
      <Filter>Header Files</Filter>
    </ClInclude>
  </ItemGroup>
  <ItemGroup>
    <None Include="Samples\LexerTest.cil" />
    <None Include="Samples\Variables.cil" />
    <None Include="Samples\Functions.cil" />
    <None Include="Samples\Arrays.cil" />
    <None Include="Samples\rule110.cil" />
    <None Include="Samples\IfElse.cil" />
    <None Include="Samples\Sample.cil" />
    <None Include="Samples\CLasses.cil" />
    <None Include="Samples\Elif.cil" />
  </ItemGroup>
  <ItemGroup>
    <Text Include="Samples\ParseTest.cil" />
  </ItemGroup>
</Project>